
Microsoft Visual Studio Solution File, Format Version 12.00
# Visual Studio Version 17
VisualStudioVersion = 17.11.35219.272
MinimumVisualStudioVersion = 10.0.40219.1
Project("{FAE04EC0-301F-11D3-BF4B-00C04F79EFBC}") = "IntellisenseNoCopyPasta", "IntellisenseNoCopyPasta.csproj", "{3648368D-AB21-4D7E-8EC6-F90C96BC6066}"
EndProject
Global
	GlobalSection(SolutionConfigurationPlatforms) = preSolution
		Debug|Any CPU = Debug|Any CPU
		Release|Any CPU = Release|Any CPU
	EndGlobalSection
	GlobalSection(ProjectConfigurationPlatforms) = postSolution
		{3648368D-AB21-4D7E-8EC6-F90C96BC6066}.Debug|Any CPU.ActiveCfg = Debug|Any CPU
		{3648368D-AB21-4D7E-8EC6-F90C96BC6066}.Debug|Any CPU.Build.0 = Debug|Any CPU
		{3648368D-AB21-4D7E-8EC6-F90C96BC6066}.Release|Any CPU.ActiveCfg = Release|Any CPU
		{3648368D-AB21-4D7E-8EC6-F90C96BC6066}.Release|Any CPU.Build.0 = Release|Any CPU
	EndGlobalSection
	GlobalSection(SolutionProperties) = preSolution
		HideSolutionNode = FALSE
	EndGlobalSection
	GlobalSection(ExtensibilityGlobals) = postSolution
		SolutionGuid = {22FD8F84-FB5B-43D5-884B-9A022102397D}
	EndGlobalSection
EndGlobal
